
Microsoft Visual Studio Solution File, Format Version 12.00
# Visual Studio Version 17
VisualStudioVersion = 17.2.32630.192
MinimumVisualStudioVersion = 10.0.40219.1
Project("{9A19103F-16F7-4668-BE54-9A1E7A4F7556}") = "Todo", "Todo\Todo.csproj", "{38C97036-60C2-4831-8C01-ED2B9998C458}"
EndProject
Project("{2150E333-8FDC-42A3-9474-1A3956D46DE8}") = "솔루션 항목", "솔루션 항목", "{E6D8C086-1A50-42A2-A67B-1F213098F5CE}"
	ProjectSection(SolutionItems) = preProject
		generate-schema-models.ps1 = generate-schema-models.ps1
	EndProjectSection
EndProject
Project("{2150E333-8FDC-42A3-9474-1A3956D46DE8}") = "Solution Items", "Solution Items", "{E2A8A193-D86F-4955-861B-4C9BDC5D92E2}"
	ProjectSection(SolutionItems) = preProject
		.editorconfig = .editorconfig
	EndProjectSection
EndProject
Global
	GlobalSection(SolutionConfigurationPlatforms) = preSolution
		Debug|Any CPU = Debug|Any CPU
		Release|Any CPU = Release|Any CPU
	EndGlobalSection
	GlobalSection(ProjectConfigurationPlatforms) = postSolution
		{38C97036-60C2-4831-8C01-ED2B9998C458}.Debug|Any CPU.ActiveCfg = Debug|Any CPU
		{38C97036-60C2-4831-8C01-ED2B9998C458}.Debug|Any CPU.Build.0 = Debug|Any CPU
		{38C97036-60C2-4831-8C01-ED2B9998C458}.Release|Any CPU.ActiveCfg = Release|Any CPU
		{38C97036-60C2-4831-8C01-ED2B9998C458}.Release|Any CPU.Build.0 = Release|Any CPU
	EndGlobalSection
	GlobalSection(SolutionProperties) = preSolution
		HideSolutionNode = FALSE
	EndGlobalSection
	GlobalSection(ExtensibilityGlobals) = postSolution
		SolutionGuid = {5B7C83C2-E0D2-4A1A-9F86-5B01A99F2B8D}
	EndGlobalSection
EndGlobal
